// !$*UTF8*$!
{
	archiveVersion = 1;
	classes = {
	};
	objectVersion = 50;
	objects = {

/* Begin PBXBuildFile section */
		13309AA424E2C8430083DB4E /* DataViewController.swift in Sources */ = {isa = PBXBuildFile; fileRef = 13309AA324E2C8430083DB4E /* DataViewController.swift */; };
		138511E324E04805001CAD7A /* AppDelegate.swift in Sources */ = {isa = PBXBuildFile; fileRef = 138511E224E04805001CAD7A /* AppDelegate.swift */; };
		138511E524E04805001CAD7A /* SceneDelegate.swift in Sources */ = {isa = PBXBuildFile; fileRef = 138511E424E04805001CAD7A /* SceneDelegate.swift */; };
		138511E724E04805001CAD7A /* ViewController.swift in Sources */ = {isa = PBXBuildFile; fileRef = 138511E624E04805001CAD7A /* ViewController.swift */; };
		138511EA24E04805001CAD7A /* Main.storyboard in Resources */ = {isa = PBXBuildFile; fileRef = 138511E824E04805001CAD7A /* Main.storyboard */; };
		138511ED24E04805001CAD7A /* Notes_App.xcdatamodeld in Sources */ = {isa = PBXBuildFile; fileRef = 138511EB24E04805001CAD7A /* Notes_App.xcdatamodeld */; };
		138511EF24E04806001CAD7A /* Assets.xcassets in Resources */ = {isa = PBXBuildFile; fileRef = 138511EE24E04806001CAD7A /* Assets.xcassets */; };
		138511F224E04806001CAD7A /* LaunchScreen.storyboard in Resources */ = {isa = PBXBuildFile; fileRef = 138511F024E04806001CAD7A /* LaunchScreen.storyboard */; };
		139284B924E0549900895BBF /* MyTableViewCell.swift in Sources */ = {isa = PBXBuildFile; fileRef = 139284B824E0549900895BBF /* MyTableViewCell.swift */; };
		13DB6D2B24E2F1E8007A0833 /* NotesViewController.swift in Sources */ = {isa = PBXBuildFile; fileRef = 13DB6D2A24E2F1E8007A0833 /* NotesViewController.swift */; };
/* End PBXBuildFile section */

/* Begin PBXFileReference section */
		13309AA324E2C8430083DB4E /* DataViewController.swift */ = {isa = PBXFileReference; lastKnownFileType = sourcecode.swift; path = DataViewController.swift; sourceTree = "<group>"; };
		138511DF24E04805001CAD7A /* Notes App.app */ = {isa = PBXFileReference; explicitFileType = wrapper.application; includeInIndex = 0; path = "Notes App.app"; sourceTree = BUILT_PRODUCTS_DIR; };
		138511E224E04805001CAD7A /* AppDelegate.swift */ = {isa = PBXFileReference; lastKnownFileType = sourcecode.swift; path = AppDelegate.swift; sourceTree = "<group>"; };
		138511E424E04805001CAD7A /* SceneDelegate.swift */ = {isa = PBXFileReference; lastKnownFileType = sourcecode.swift; path = SceneDelegate.swift; sourceTree = "<group>"; };
		138511E624E04805001CAD7A /* ViewController.swift */ = {isa = PBXFileReference; lastKnownFileType = sourcecode.swift; path = ViewController.swift; sourceTree = "<group>"; };
		138511E924E04805001CAD7A /* Base */ = {isa = PBXFileReference; lastKnownFileType = file.storyboard; name = Base; path = Base.lproj/Main.storyboard; sourceTree = "<group>"; };
		138511EC24E04805001CAD7A /* Notes_App.xcdatamodel */ = {isa = PBXFileReference; lastKnownFileType = wrapper.xcdatamodel; path = Notes_App.xcdatamodel; sourceTree = "<group>"; };
		138511EE24E04806001CAD7A /* Assets.xcassets */ = {isa = PBXFileReference; lastKnownFileType = folder.assetcatalog; path = Assets.xcassets; sourceTree = "<group>"; };
		138511F124E04806001CAD7A /* Base */ = {isa = PBXFileReference; lastKnownFileType = file.storyboard; name = Base; path = Base.lproj/LaunchScreen.storyboard; sourceTree = "<group>"; };
		138511F324E04806001CAD7A /* Info.plist */ = {isa = PBXFileReference; lastKnownFileType = text.plist.xml; path = Info.plist; sourceTree = "<group>"; };
		139284B824E0549900895BBF /* MyTableViewCell.swift */ = {isa = PBXFileReference; lastKnownFileType = sourcecode.swift; path = MyTableViewCell.swift; sourceTree = "<group>"; };
		13DB6D2A24E2F1E8007A0833 /* NotesViewController.swift */ = {isa = PBXFileReference; lastKnownFileType = sourcecode.swift; path = NotesViewController.swift; sourceTree = "<group>"; };
/* End PBXFileReference section */

/* Begin PBXFrameworksBuildPhase section */
		138511DC24E04805001CAD7A /* Frameworks */ = {
			isa = PBXFrameworksBuildPhase;
			buildActionMask = 2147483647;
			files = (
			);
			runOnlyForDeploymentPostprocessing = 0;
		};
/* End PBXFrameworksBuildPhase section */

/* Begin PBXGroup section */
		138511D624E04805001CAD7A = {
			isa = PBXGroup;
			children = (
				138511E124E04805001CAD7A /* Notes App */,
				138511E024E04805001CAD7A /* Products */,
			);
			sourceTree = "<group>";
		};
		138511E024E04805001CAD7A /* Products */ = {
			isa = PBXGroup;
			children = (
				138511DF24E04805001CAD7A /* Notes App.app */,
			);
			name = Products;
			sourceTree = "<group>";
		};
		138511E124E04805001CAD7A /* Notes App */ = {
			isa = PBXGroup;
			children = (
				138511E224E04805001CAD7A /* AppDelegate.swift */,
				138511E424E04805001CAD7A /* SceneDelegate.swift */,
				138511E624E04805001CAD7A /* ViewController.swift */,
				139284B824E0549900895BBF /* MyTableViewCell.swift */,
				13309AA324E2C8430083DB4E /* DataViewController.swift */,
				13DB6D2A24E2F1E8007A0833 /* NotesViewController.swift */,
				138511E824E04805001CAD7A /* Main.storyboard */,
				138511EE24E04806001CAD7A /* Assets.xcassets */,
				138511F024E04806001CAD7A /* LaunchScreen.storyboard */,
				138511F324E04806001CAD7A /* Info.plist */,
				138511EB24E04805001CAD7A /* Notes_App.xcdatamodeld */,
			);
			path = "Notes App";
			sourceTree = "<group>";
		};
/* End PBXGroup section */

/* Begin PBXNativeTarget section */
		138511DE24E04805001CAD7A /* Notes App */ = {
			isa = PBXNativeTarget;
			buildConfigurationList = 138511F624E04806001CAD7A /* Build configuration list for PBXNativeTarget "Notes App" */;
			buildPhases = (
				138511DB24E04805001CAD7A /* Sources */,
				138511DC24E04805001CAD7A /* Frameworks */,
				138511DD24E04805001CAD7A /* Resources */,
			);
			buildRules = (
			);
			dependencies = (
			);
			name = "Notes App";
			productName = "Notes App";
			productReference = 138511DF24E04805001CAD7A /* Notes App.app */;
			productType = "com.apple.product-type.application";
		};
/* End PBXNativeTarget section */

/* Begin PBXProject section */
		138511D724E04805001CAD7A /* Project object */ = {
			isa = PBXProject;
			attributes = {
				LastSwiftUpdateCheck = 1160;
				LastUpgradeCheck = 1160;
				ORGANIZATIONNAME = "Sagar Baloch";
				TargetAttributes = {
					138511DE24E04805001CAD7A = {
						CreatedOnToolsVersion = 11.6;
					};
				};
			};
			buildConfigurationList = 138511DA24E04805001CAD7A /* Build configuration list for PBXProject "Notes App" */;
			compatibilityVersion = "Xcode 9.3";
			developmentRegion = en;
			hasScannedForEncodings = 0;
			knownRegions = (
				en,
				Base,
			);
			mainGroup = 138511D624E04805001CAD7A;
			productRefGroup = 138511E024E04805001CAD7A /* Products */;
			projectDirPath = "";
			projectRoot = "";
			targets = (
				138511DE24E04805001CAD7A /* Notes App */,
			);
		};
/* End PBXProject section */

/* Begin PBXResourcesBuildPhase section */
		138511DD24E04805001CAD7A /* Resources */ = {
			isa = PBXResourcesBuildPhase;
			buildActionMask = 2147483647;
			files = (
				138511F224E04806001CAD7A /* LaunchScreen.storyboard in Resources */,
				138511EF24E04806001CAD7A /* Assets.xcassets in Resources */,
				138511EA24E04805001CAD7A /* Main.storyboard in Resources */,
			);
			runOnlyForDeploymentPostprocessing = 0;
		};
/* End PBXResourcesBuildPhase section */

/* Begin PBXSourcesBuildPhase section */
		138511DB24E04805001CAD7A /* Sources */ = {
			isa = PBXSourcesBuildPhase;
			buildActionMask = 2147483647;
			files = (
				138511E724E04805001CAD7A /* ViewController.swift in Sources */,
				138511E324E04805001CAD7A /* AppDelegate.swift in Sources */,
				138511E524E04805001CAD7A /* SceneDelegate.swift in Sources */,
				13DB6D2B24E2F1E8007A0833 /* NotesViewController.swift in Sources */,
				139284B924E0549900895BBF /* MyTableViewCell.swift in Sources */,
				13309AA424E2C8430083DB4E /* DataViewController.swift in Sources */,
				138511ED24E04805001CAD7A /* Notes_App.xcdatamodeld in Sources */,
			);
			runOnlyForDeploymentPostprocessing = 0;
		};
/* End PBXSourcesBuildPhase section */

/* Begin PBXVariantGroup section */
		138511E824E04805001CAD7A /* Main.storyboard */ = {
			isa = PBXVariantGroup;
			children = (
				138511E924E04805001CAD7A /* Base */,
			);
			name = Main.storyboard;
			sourceTree = "<group>";
		};
		138511F024E04806001CAD7A /* LaunchScreen.storyboard */ = {
			isa = PBXVariantGroup;
			children = (
				138511F124E04806001CAD7A /* Base */,
			);
			name = LaunchScreen.storyboard;
			sourceTree = "<group>";
		};
/* End PBXVariantGroup section */

/* Begin XCBuildConfiguration section */
		138511F424E04806001CAD7A /* Debug */ = {
			isa = XCBuildConfiguration;
			buildSettings = {
				ALWAYS_SEARCH_USER_PATHS = NO;
				CLANG_ANALYZER_NONNULL = YES;
				CLANG_ANALYZER_NUMBER_OBJECT_CONVERSION = YES_AGGRESSIVE;
				CLANG_CXX_LANGUAGE_STANDARD = "gnu++14";
				CLANG_CXX_LIBRARY = "libc++";
				CLANG_ENABLE_MODULES = YES;
				CLANG_ENABLE_OBJC_ARC = YES;
				CLANG_ENABLE_OBJC_WEAK = YES;
				CLANG_WARN_BLOCK_CAPTURE_AUTORELEASING = YES;
				CLANG_WARN_BOOL_CONVERSION = YES;
				CLANG_WARN_COMMA = YES;
				CLANG_WARN_CONSTANT_CONVERSION = YES;
				CLANG_WARN_DEPRECATED_OBJC_IMPLEMENTATIONS = YES;
				CLANG_WARN_DIRECT_OBJC_ISA_USAGE = YES_ERROR;
				CLANG_WARN_DOCUMENTATION_COMMENTS = YES;
				CLANG_WARN_EMPTY_BODY = YES;
				CLANG_WARN_ENUM_CONVERSION = YES;
				CLANG_WARN_INFINITE_RECURSION = YES;
				CLANG_WARN_INT_CONVERSION = YES;
				CLANG_WARN_NON_LITERAL_NULL_CONVERSION = YES;
				CLANG_WARN_OBJC_IMPLICIT_RETAIN_SELF = YES;
				CLANG_WARN_OBJC_LITERAL_CONVERSION = YES;
				CLANG_WARN_OBJC_ROOT_CLASS = YES_ERROR;
				CLANG_WARN_RANGE_LOOP_ANALYSIS = YES;
				CLANG_WARN_STRICT_PROTOTYPES = YES;
				CLANG_WARN_SUSPICIOUS_MOVE = YES;
				CLANG_WARN_UNGUARDED_AVAILABILITY = YES_AGGRESSIVE;
				CLANG_WARN_UNREACHABLE_CODE = YES;
				CLANG_WARN__DUPLICATE_METHOD_MATCH = YES;
				COPY_PHASE_STRIP = NO;
				DEBUG_INFORMATION_FORMAT = dwarf;
				ENABLE_STRICT_OBJC_MSGSEND = YES;
				ENABLE_TESTABILITY = YES;
				GCC_C_LANGUAGE_STANDARD = gnu11;
				GCC_DYNAMIC_NO_PIC = NO;
				GCC_NO_COMMON_BLOCKS = YES;
				GCC_OPTIMIZATION_LEVEL = 0;
				GCC_PREPROCESSOR_DEFINITIONS = (
					"DEBUG=1",
					"$(inherited)",
				);
				GCC_WARN_64_TO_32_BIT_CONVERSION = YES;
				GCC_WARN_ABOUT_RETURN_TYPE = YES_ERROR;
				GCC_WARN_UNDECLARED_SELECTOR = YES;
				GCC_WARN_UNINITIALIZED_AUTOS = YES_AGGRESSIVE;
				GCC_WARN_UNUSED_FUNCTION = YES;
				GCC_WARN_UNUSED_VARIABLE = YES;
				IPHONEOS_DEPLOYMENT_TARGET = 13.6;
				MTL_ENABLE_DEBUG_INFO = INCLUDE_SOURCE;
				MTL_FAST_MATH = YES;
				ONLY_ACTIVE_ARCH = YES;
				SDKROOT = iphoneos;
				SWIFT_ACTIVE_COMPILATION_CONDITIONS = DEBUG;
				SWIFT_OPTIMIZATION_LEVEL = "-Onone";
			};
			name = Debug;
		};
		138511F524E04806001CAD7A /* Release */ = {
			isa = XCBuildConfiguration;
			buildSettings = {
				ALWAYS_SEARCH_USER_PATHS = NO;
				CLANG_ANALYZER_NONNULL = YES;
				CLANG_ANALYZER_NUMBER_OBJECT_CONVERSION = YES_AGGRESSIVE;
				CLANG_CXX_LANGUAGE_STANDARD = "gnu++14";
				CLANG_CXX_LIBRARY = "libc++";
				CLANG_ENABLE_MODULES = YES;
				CLANG_ENABLE_OBJC_ARC = YES;
				CLANG_ENABLE_OBJC_WEAK = YES;
				CLANG_WARN_BLOCK_CAPTURE_AUTORELEASING = YES;
				CLANG_WARN_BOOL_CONVERSION = YES;
				CLANG_WARN_COMMA = YES;
				CLANG_WARN_CONSTANT_CONVERSION = YES;
				CLANG_WARN_DEPRECATED_OBJC_IMPLEMENTATIONS = YES;
				CLANG_WARN_DIRECT_OBJC_ISA_USAGE = YES_ERROR;
				CLANG_WARN_DOCUMENTATION_COMMENTS = YES;
				CLANG_WARN_EMPTY_BODY = YES;
				CLANG_WARN_ENUM_CONVERSION = YES;
				CLANG_WARN_INFINITE_RECURSION = YES;
				CLANG_WARN_INT_CONVERSION = YES;
				CLANG_WARN_NON_LITERAL_NULL_CONVERSION = YES;
				CLANG_WARN_OBJC_IMPLICIT_RETAIN_SELF = YES;
				CLANG_WARN_OBJC_LITERAL_CONVERSION = YES;
				CLANG_WARN_OBJC_ROOT_CLASS = YES_ERROR;
				CLANG_WARN_RANGE_LOOP_ANALYSIS = YES;
				CLANG_WARN_STRICT_PROTOTYPES = YES;
				CLANG_WARN_SUSPICIOUS_MOVE = YES;
				CLANG_WARN_UNGUARDED_AVAILABILITY = YES_AGGRESSIVE;
				CLANG_WARN_UNREACHABLE_CODE = YES;
				CLANG_WARN__DUPLICATE_METHOD_MATCH = YES;
				COPY_PHASE_STRIP = NO;
				DEBUG_INFORMATION_FORMAT = "dwarf-with-dsym";
				ENABLE_NS_ASSERTIONS = NO;
				ENABLE_STRICT_OBJC_MSGSEND = YES;
				GCC_C_LANGUAGE_STANDARD = gnu11;
				GCC_NO_COMMON_BLOCKS = YES;
				GCC_WARN_64_TO_32_BIT_CONVERSION = YES;
				GCC_WARN_ABOUT_RETURN_TYPE = YES_ERROR;
				GCC_WARN_UNDECLARED_SELECTOR = YES;
				GCC_WARN_UNINITIALIZED_AUTOS = YES_AGGRESSIVE;
				GCC_WARN_UNUSED_FUNCTION = YES;
				GCC_WARN_UNUSED_VARIABLE = YES;
				IPHONEOS_DEPLOYMENT_TARGET = 13.6;
				MTL_ENABLE_DEBUG_INFO = NO;
				MTL_FAST_MATH = YES;
				SDKROOT = iphoneos;
				SWIFT_COMPILATION_MODE = wholemodule;
				SWIFT_OPTIMIZATION_LEVEL = "-O";
				VALIDATE_PRODUCT = YES;
			};
			name = Release;
		};
		138511F724E04806001CAD7A /* Debug */ = {
			isa = XCBuildConfiguration;
			buildSettings = {
				ASSETCATALOG_COMPILER_APPICON_NAME = AppIcon;
				CODE_SIGN_STYLE = Automatic;
				DEVELOPMENT_TEAM = 8U42264JWC;
				INFOPLIST_FILE = "Notes App/Info.plist";
				LD_RUNPATH_SEARCH_PATHS = (
					"$(inherited)",
					"@executable_path/Frameworks",
				);
				PRODUCT_BUNDLE_IDENTIFIER = "com.sagarBaloch.Notes-App";
				PRODUCT_NAME = "$(TARGET_NAME)";
				SWIFT_VERSION = 5.0;
				TARGETED_DEVICE_FAMILY = "1,2";
			};
			name = Debug;
		};
		138511F824E04806001CAD7A /* Release */ = {
			isa = XCBuildConfiguration;
			buildSettings = {
				ASSETCATALOG_COMPILER_APPICON_NAME = AppIcon;
				CODE_SIGN_STYLE = Automatic;
				DEVELOPMENT_TEAM = 8U42264JWC;
				INFOPLIST_FILE = "Notes App/Info.plist";
				LD_RUNPATH_SEARCH_PATHS = (
					"$(inherited)",
					"@executable_path/Frameworks",
				);
				PRODUCT_BUNDLE_IDENTIFIER = "com.sagarBaloch.Notes-App";
				PRODUCT_NAME = "$(TARGET_NAME)";
				SWIFT_VERSION = 5.0;
				TARGETED_DEVICE_FAMILY = "1,2";
			};
			name = Release;
		};
/* End XCBuildConfiguration section */

/* Begin XCConfigurationList section */
		138511DA24E04805001CAD7A /* Build configuration list for PBXProject "Notes App" */ = {
			isa = XCConfigurationList;
			buildConfigurations = (
				138511F424E04806001CAD7A /* Debug */,
				138511F524E04806001CAD7A /* Release */,
			);
			defaultConfigurationIsVisible = 0;
			defaultConfigurationName = Release;
		};
		138511F624E04806001CAD7A /* Build configuration list for PBXNativeTarget "Notes App" */ = {
			isa = XCConfigurationList;
			buildConfigurations = (
				138511F724E04806001CAD7A /* Debug */,
				138511F824E04806001CAD7A /* Release */,
			);
			defaultConfigurationIsVisible = 0;
			defaultConfigurationName = Release;
		};
/* End XCConfigurationList section */

/* Begin XCVersionGroup section */
		138511EB24E04805001CAD7A /* Notes_App.xcdatamodeld */ = {
			isa = XCVersionGroup;
			children = (
				138511EC24E04805001CAD7A /* Notes_App.xcdatamodel */,
			);
			currentVersion = 138511EC24E04805001CAD7A /* Notes_App.xcdatamodel */;
			path = Notes_App.xcdatamodeld;
			sourceTree = "<group>";
			versionGroupType = wrapper.xcdatamodel;
		};
/* End XCVersionGroup section */
	};
	rootObject = 138511D724E04805001CAD7A /* Project object */;
}
